
Microsoft Visual Studio Solution File, Format Version 12.00
# Visual Studio Version 17
VisualStudioVersion = 17.4.33213.308
MinimumVisualStudioVersion = 10.0.40219.1
Project("{FAE04EC0-301F-11D3-BF4B-00C04F79EFBC}") = "winforms-async", "winforms-async\winforms-async.csproj", "{50ADB8CC-F4F0-4B14-B86B-4770EDE6CD41}"
EndProject
Global
	GlobalSection(SolutionConfigurationPlatforms) = preSolution
		Debug|Any CPU = Debug|Any CPU
		Release|Any CPU = Release|Any CPU
	EndGlobalSection
	GlobalSection(ProjectConfigurationPlatforms) = postSolution
		{50ADB8CC-F4F0-4B14-B86B-4770EDE6CD41}.Debug|Any CPU.ActiveCfg = Debug|Any CPU
		{50ADB8CC-F4F0-4B14-B86B-4770EDE6CD41}.Debug|Any CPU.Build.0 = Debug|Any CPU
		{50ADB8CC-F4F0-4B14-B86B-4770EDE6CD41}.Release|Any CPU.ActiveCfg = Release|Any CPU
		{50ADB8CC-F4F0-4B14-B86B-4770EDE6CD41}.Release|Any CPU.Build.0 = Release|Any CPU
	EndGlobalSection
	GlobalSection(SolutionProperties) = preSolution
		HideSolutionNode = FALSE
	EndGlobalSection
	GlobalSection(ExtensibilityGlobals) = postSolution
		SolutionGuid = {523F1CDA-65CE-4CC8-8D02-9D948E9014F6}
	EndGlobalSection
EndGlobal
